// !$*UTF8*$!
{
	archiveVersion = 1;
	classes = {
	};
	objectVersion = 51;
	objects = {

/* Begin PBXBuildFile section */
		0A223B9BA4AA5416B1F95BF0 /* Pods_Schedule_ScheduleUITests.framework in Frameworks */ = {isa = PBXBuildFile; fileRef = 7EFE1C430605223B057751F3 /* Pods_Schedule_ScheduleUITests.framework */; };
		126A1067254831D0004FF217 /* UITableViewCell.swift in Sources */ = {isa = PBXBuildFile; fileRef = 126A1066254831D0004FF217 /* UITableViewCell.swift */; };
		126A106D25483481004FF217 /* VwKeyboardTop.swift in Sources */ = {isa = PBXBuildFile; fileRef = 126A106C25483481004FF217 /* VwKeyboardTop.swift */; };
		126A107525483F5F004FF217 /* VwDatePicker.swift in Sources */ = {isa = PBXBuildFile; fileRef = 126A107425483F5F004FF217 /* VwDatePicker.swift */; };
		126B05F72536F29C002A1DC0 /* CellAddItemDelete.swift in Sources */ = {isa = PBXBuildFile; fileRef = 126B05F62536F29C002A1DC0 /* CellAddItemDelete.swift */; };
		126B05FC2536F9C0002A1DC0 /* UIView.swift in Sources */ = {isa = PBXBuildFile; fileRef = 126B05FB2536F9C0002A1DC0 /* UIView.swift */; };
		126B0A252503502A00355D00 /* Theme.swift in Sources */ = {isa = PBXBuildFile; fileRef = 126B0A242503502A00355D00 /* Theme.swift */; };
		126B0A272503506600355D00 /* Global.swift in Sources */ = {isa = PBXBuildFile; fileRef = 126B0A262503506600355D00 /* Global.swift */; };
		126B0A2A250350AE00355D00 /* UIColor.swift in Sources */ = {isa = PBXBuildFile; fileRef = 126B0A29250350AE00355D00 /* UIColor.swift */; };
		126B0A2E2503526400355D00 /* VwCalendar.swift in Sources */ = {isa = PBXBuildFile; fileRef = 126B0A2D2503526400355D00 /* VwCalendar.swift */; };
		126B2DBF250B9BD800C69BC6 /* Item.swift in Sources */ = {isa = PBXBuildFile; fileRef = 126B2DBE250B9BD800C69BC6 /* Item.swift */; };
		126B2DC1250BA24800C69BC6 /* VCAddItem.swift in Sources */ = {isa = PBXBuildFile; fileRef = 126B2DC0250BA24800C69BC6 /* VCAddItem.swift */; };
		126B2DC3250BA2F600C69BC6 /* VCAddItem + UITableView.swift in Sources */ = {isa = PBXBuildFile; fileRef = 126B2DC2250BA2F600C69BC6 /* VCAddItem + UITableView.swift */; };
		126B2DC6250BA75800C69BC6 /* CellAddItemTitle.swift in Sources */ = {isa = PBXBuildFile; fileRef = 126B2DC5250BA75800C69BC6 /* CellAddItemTitle.swift */; };
		126D8260253172AF000BFC32 /* CellCalendarDayCount.swift in Sources */ = {isa = PBXBuildFile; fileRef = 126D825F253172AF000BFC32 /* CellCalendarDayCount.swift */; };
		126F007425060BFB00C9FA3A /* VCCalendarMonthPage.swift in Sources */ = {isa = PBXBuildFile; fileRef = 126F007325060BFB00C9FA3A /* VCCalendarMonthPage.swift */; };
		127043422504A8760045375E /* VwCalendarWeekday.swift in Sources */ = {isa = PBXBuildFile; fileRef = 127043412504A8760045375E /* VwCalendarWeekday.swift */; };
		127043452504AD560045375E /* VwCalendarWeekdayCell.swift in Sources */ = {isa = PBXBuildFile; fileRef = 127043442504AD560045375E /* VwCalendarWeekdayCell.swift */; };
		127043482504CAA50045375E /* VwCalendarDay.swift in Sources */ = {isa = PBXBuildFile; fileRef = 127043472504CAA50045375E /* VwCalendarDay.swift */; };
		1270434A2504D0FE0045375E /* Date.swift in Sources */ = {isa = PBXBuildFile; fileRef = 127043492504D0FE0045375E /* Date.swift */; };
		1270434C2504DB530045375E /* VCCalendarMonth.swift in Sources */ = {isa = PBXBuildFile; fileRef = 1270434B2504DB530045375E /* VCCalendarMonth.swift */; };
		12705CD12546C315002B53EA /* VwDateSelectDatePicker.swift in Sources */ = {isa = PBXBuildFile; fileRef = 12705CD02546C315002B53EA /* VwDateSelectDatePicker.swift */; };
		127110592506590600F797E8 /* NamesOfNotification.swift in Sources */ = {isa = PBXBuildFile; fileRef = 127110582506590600F797E8 /* NamesOfNotification.swift */; };
		1271105C2506679E00F797E8 /* HomeKit.framework in Frameworks */ = {isa = PBXBuildFile; fileRef = 1271105B2506679E00F797E8 /* HomeKit.framework */; };
		12760B88250BCBC700CF0A6B /* Localizable.strings in Resources */ = {isa = PBXBuildFile; fileRef = 12760B8A250BCBC700CF0A6B /* Localizable.strings */; };
		12760B8D250BCD2500CF0A6B /* String.swift in Sources */ = {isa = PBXBuildFile; fileRef = 12760B8C250BCD2500CF0A6B /* String.swift */; };
		1276ADA7253D816600F8D559 /* VCCalendarDayDetailPage.swift in Sources */ = {isa = PBXBuildFile; fileRef = 1276ADA6253D816600F8D559 /* VCCalendarDayDetailPage.swift */; };
		127BD39925416F8100C678A3 /* VwAddEventButton.swift in Sources */ = {isa = PBXBuildFile; fileRef = 127BD39825416F8100C678A3 /* VwAddEventButton.swift */; };
		127F2AD72542A980003535C4 /* CellAddItemSelectTime.swift in Sources */ = {isa = PBXBuildFile; fileRef = 127F2AD62542A980003535C4 /* CellAddItemSelectTime.swift */; };
		12806B51253294AF000C0F8A /* UILabel.swift in Sources */ = {isa = PBXBuildFile; fileRef = 12806B50253294AF000C0F8A /* UILabel.swift */; };
		12806B5A253295B5000C0F8A /* VCCalendarDayDetail.swift in Sources */ = {isa = PBXBuildFile; fileRef = 12806B59253295B5000C0F8A /* VCCalendarDayDetail.swift */; };
		12806B6525329B5C000C0F8A /* VCCalendarDayDetail + UITableView.swift in Sources */ = {isa = PBXBuildFile; fileRef = 12806B6425329B5C000C0F8A /* VCCalendarDayDetail + UITableView.swift */; };
		12806B6B25329BF0000C0F8A /* CellCalendarDayDetail.swift in Sources */ = {isa = PBXBuildFile; fileRef = 12806B6A25329BF0000C0F8A /* CellCalendarDayDetail.swift */; };
		12813B6C2500008F005C8383 /* AppDelegate.swift in Sources */ = {isa = PBXBuildFile; fileRef = 12813B6B2500008F005C8383 /* AppDelegate.swift */; };
		12813B6E2500008F005C8383 /* SceneDelegate.swift in Sources */ = {isa = PBXBuildFile; fileRef = 12813B6D2500008F005C8383 /* SceneDelegate.swift */; };
		12813B702500008F005C8383 /* ContentView.swift in Sources */ = {isa = PBXBuildFile; fileRef = 12813B6F2500008F005C8383 /* ContentView.swift */; };
		12813B7225000091005C8383 /* Assets.xcassets in Resources */ = {isa = PBXBuildFile; fileRef = 12813B7125000091005C8383 /* Assets.xcassets */; };
		12813B7525000091005C8383 /* Preview Assets.xcassets in Resources */ = {isa = PBXBuildFile; fileRef = 12813B7425000091005C8383 /* Preview Assets.xcassets */; };
		12813B7825000091005C8383 /* LaunchScreen.storyboard in Resources */ = {isa = PBXBuildFile; fileRef = 12813B7625000091005C8383 /* LaunchScreen.storyboard */; };
		12813B8325000091005C8383 /* ScheduleTests.swift in Sources */ = {isa = PBXBuildFile; fileRef = 12813B8225000091005C8383 /* ScheduleTests.swift */; };
		12813B8E25000091005C8383 /* ScheduleUITests.swift in Sources */ = {isa = PBXBuildFile; fileRef = 12813B8D25000091005C8383 /* ScheduleUITests.swift */; };
		1283F5B0254286C10002CED6 /* CellAddItemTime.swift in Sources */ = {isa = PBXBuildFile; fileRef = 1283F5AF254286C10002CED6 /* CellAddItemTime.swift */; };
		128D2173253E79CE000C3124 /* Holiday.swift in Sources */ = {isa = PBXBuildFile; fileRef = 128D2172253E79CE000C3124 /* Holiday.swift */; };
		129BECF3250008C90008905F /* VCRoot.swift in Sources */ = {isa = PBXBuildFile; fileRef = 129BECF2250008C90008905F /* VCRoot.swift */; };
		12A2E17F2519BCE30023B221 /* VwCalendarDay + UITableView.swift in Sources */ = {isa = PBXBuildFile; fileRef = 12A2E17E2519BCE30023B221 /* VwCalendarDay + UITableView.swift */; };
		12A2E1822519C29E0023B221 /* CellCalendarDay.swift in Sources */ = {isa = PBXBuildFile; fileRef = 12A2E1812519C29E0023B221 /* CellCalendarDay.swift */; };
		12ACC6E72547F1AB00259023 /* CellCanlendarTwoDay.swift in Sources */ = {isa = PBXBuildFile; fileRef = 12ACC6E62547F1AB00259023 /* CellCanlendarTwoDay.swift */; };
		12C98F0E2536C4F3008545C5 /* VwMoveToday.swift in Sources */ = {isa = PBXBuildFile; fileRef = 12C98F0D2536C4F3008545C5 /* VwMoveToday.swift */; };
		9D907618252A30689C6ED675 /* Pods_ScheduleTests.framework in Frameworks */ = {isa = PBXBuildFile; fileRef = 441CC7DCBAB98C43383D024F /* Pods_ScheduleTests.framework */; };
		BB14D5061DCD39BB6790E005 /* Pods_Schedule.framework in Frameworks */ = {isa = PBXBuildFile; fileRef = 5865367DEDC46F13CAE91E8B /* Pods_Schedule.framework */; };
/* End PBXBuildFile section */

/* Begin PBXContainerItemProxy section */
		12813B7F25000091005C8383 /* PBXContainerItemProxy */ = {
			isa = PBXContainerItemProxy;
			containerPortal = 12813B602500008F005C8383 /* Project object */;
			proxyType = 1;
			remoteGlobalIDString = 12813B672500008F005C8383;
			remoteInfo = Schedule;
		};
		12813B8A25000091005C8383 /* PBXContainerItemProxy */ = {
			isa = PBXContainerItemProxy;
			containerPortal = 12813B602500008F005C8383 /* Project object */;
			proxyType = 1;
			remoteGlobalIDString = 12813B672500008F005C8383;
			remoteInfo = Schedule;
		};
/* End PBXContainerItemProxy section */

/* Begin PBXFileReference section */
		126A1066254831D0004FF217 /* UITableViewCell.swift */ = {isa = PBXFileReference; lastKnownFileType = sourcecode.swift; path = UITableViewCell.swift; sourceTree = "<group>"; };
		126A106C25483481004FF217 /* VwKeyboardTop.swift */ = {isa = PBXFileReference; lastKnownFileType = sourcecode.swift; path = VwKeyboardTop.swift; sourceTree = "<group>"; };
		126A107425483F5F004FF217 /* VwDatePicker.swift */ = {isa = PBXFileReference; lastKnownFileType = sourcecode.swift; path = VwDatePicker.swift; sourceTree = "<group>"; };
		126B05F62536F29C002A1DC0 /* CellAddItemDelete.swift */ = {isa = PBXFileReference; lastKnownFileType = sourcecode.swift; path = CellAddItemDelete.swift; sourceTree = "<group>"; };
		126B05FB2536F9C0002A1DC0 /* UIView.swift */ = {isa = PBXFileReference; lastKnownFileType = sourcecode.swift; path = UIView.swift; sourceTree = "<group>"; };
		126B0A242503502A00355D00 /* Theme.swift */ = {isa = PBXFileReference; lastKnownFileType = sourcecode.swift; path = Theme.swift; sourceTree = "<group>"; };
		126B0A262503506600355D00 /* Global.swift */ = {isa = PBXFileReference; lastKnownFileType = sourcecode.swift; path = Global.swift; sourceTree = "<group>"; };
		126B0A29250350AE00355D00 /* UIColor.swift */ = {isa = PBXFileReference; lastKnownFileType = sourcecode.swift; path = UIColor.swift; sourceTree = "<group>"; };
		126B0A2D2503526400355D00 /* VwCalendar.swift */ = {isa = PBXFileReference; lastKnownFileType = sourcecode.swift; path = VwCalendar.swift; sourceTree = "<group>"; };
		126B2DBE250B9BD800C69BC6 /* Item.swift */ = {isa = PBXFileReference; lastKnownFileType = sourcecode.swift; path = Item.swift; sourceTree = "<group>"; };
		126B2DC0250BA24800C69BC6 /* VCAddItem.swift */ = {isa = PBXFileReference; lastKnownFileType = sourcecode.swift; path = VCAddItem.swift; sourceTree = "<group>"; };
		126B2DC2250BA2F600C69BC6 /* VCAddItem + UITableView.swift */ = {isa = PBXFileReference; lastKnownFileType = sourcecode.swift; path = "VCAddItem + UITableView.swift"; sourceTree = "<group>"; };
		126B2DC5250BA75800C69BC6 /* CellAddItemTitle.swift */ = {isa = PBXFileReference; lastKnownFileType = sourcecode.swift; path = CellAddItemTitle.swift; sourceTree = "<group>"; };
		126D825F253172AF000BFC32 /* CellCalendarDayCount.swift */ = {isa = PBXFileReference; lastKnownFileType = sourcecode.swift; path = CellCalendarDayCount.swift; sourceTree = "<group>"; };
		126F007325060BFB00C9FA3A /* VCCalendarMonthPage.swift */ = {isa = PBXFileReference; lastKnownFileType = sourcecode.swift; path = VCCalendarMonthPage.swift; sourceTree = "<group>"; };
		127043412504A8760045375E /* VwCalendarWeekday.swift */ = {isa = PBXFileReference; lastKnownFileType = sourcecode.swift; path = VwCalendarWeekday.swift; sourceTree = "<group>"; };
		127043442504AD560045375E /* VwCalendarWeekdayCell.swift */ = {isa = PBXFileReference; lastKnownFileType = sourcecode.swift; path = VwCalendarWeekdayCell.swift; sourceTree = "<group>"; };
		127043472504CAA50045375E /* VwCalendarDay.swift */ = {isa = PBXFileReference; lastKnownFileType = sourcecode.swift; path = VwCalendarDay.swift; sourceTree = "<group>"; };
		127043492504D0FE0045375E /* Date.swift */ = {isa = PBXFileReference; lastKnownFileType = sourcecode.swift; path = Date.swift; sourceTree = "<group>"; };
		1270434B2504DB530045375E /* VCCalendarMonth.swift */ = {isa = PBXFileReference; lastKnownFileType = sourcecode.swift; path = VCCalendarMonth.swift; sourceTree = "<group>"; };
		12705CD02546C315002B53EA /* VwDateSelectDatePicker.swift */ = {isa = PBXFileReference; lastKnownFileType = sourcecode.swift; path = VwDateSelectDatePicker.swift; sourceTree = "<group>"; };
		127110582506590600F797E8 /* NamesOfNotification.swift */ = {isa = PBXFileReference; lastKnownFileType = sourcecode.swift; path = NamesOfNotification.swift; sourceTree = "<group>"; };
		1271105A2506679E00F797E8 /* Schedule.entitlements */ = {isa = PBXFileReference; lastKnownFileType = text.plist.entitlements; path = Schedule.entitlements; sourceTree = "<group>"; };
		1271105B2506679E00F797E8 /* HomeKit.framework */ = {isa = PBXFileReference; lastKnownFileType = wrapper.framework; name = HomeKit.framework; path = System/Library/Frameworks/HomeKit.framework; sourceTree = SDKROOT; };
		12760B82250BCA4800CF0A6B /* ko */ = {isa = PBXFileReference; lastKnownFileType = text.plist.strings; name = ko; path = ko.lproj/LaunchScreen.strings; sourceTree = "<group>"; };
		12760B89250BCBC700CF0A6B /* en */ = {isa = PBXFileReference; lastKnownFileType = text.plist.strings; name = en; path = en.lproj/Localizable.strings; sourceTree = "<group>"; };
		12760B8B250BCBC900CF0A6B /* ko */ = {isa = PBXFileReference; lastKnownFileType = text.plist.strings; name = ko; path = ko.lproj/Localizable.strings; sourceTree = "<group>"; };
		12760B8C250BCD2500CF0A6B /* String.swift */ = {isa = PBXFileReference; lastKnownFileType = sourcecode.swift; path = String.swift; sourceTree = "<group>"; };
		1276ADA6253D816600F8D559 /* VCCalendarDayDetailPage.swift */ = {isa = PBXFileReference; lastKnownFileType = sourcecode.swift; path = VCCalendarDayDetailPage.swift; sourceTree = "<group>"; };
		127BD39825416F8100C678A3 /* VwAddEventButton.swift */ = {isa = PBXFileReference; lastKnownFileType = sourcecode.swift; path = VwAddEventButton.swift; sourceTree = "<group>"; };
		127F2AD62542A980003535C4 /* CellAddItemSelectTime.swift */ = {isa = PBXFileReference; lastKnownFileType = sourcecode.swift; path = CellAddItemSelectTime.swift; sourceTree = "<group>"; };
		12806B50253294AF000C0F8A /* UILabel.swift */ = {isa = PBXFileReference; lastKnownFileType = sourcecode.swift; path = UILabel.swift; sourceTree = "<group>"; };
		12806B59253295B5000C0F8A /* VCCalendarDayDetail.swift */ = {isa = PBXFileReference; lastKnownFileType = sourcecode.swift; path = VCCalendarDayDetail.swift; sourceTree = "<group>"; };
		12806B6425329B5C000C0F8A /* VCCalendarDayDetail + UITableView.swift */ = {isa = PBXFileReference; lastKnownFileType = sourcecode.swift; path = "VCCalendarDayDetail + UITableView.swift"; sourceTree = "<group>"; };
		12806B6A25329BF0000C0F8A /* CellCalendarDayDetail.swift */ = {isa = PBXFileReference; lastKnownFileType = sourcecode.swift; path = CellCalendarDayDetail.swift; sourceTree = "<group>"; };
		12813B682500008F005C8383 /* Schedule.app */ = {isa = PBXFileReference; explicitFileType = wrapper.application; includeInIndex = 0; path = Schedule.app; sourceTree = BUILT_PRODUCTS_DIR; };
		12813B6B2500008F005C8383 /* AppDelegate.swift */ = {isa = PBXFileReference; lastKnownFileType = sourcecode.swift; path = AppDelegate.swift; sourceTree = "<group>"; };
		12813B6D2500008F005C8383 /* SceneDelegate.swift */ = {isa = PBXFileReference; lastKnownFileType = sourcecode.swift; path = SceneDelegate.swift; sourceTree = "<group>"; };
		12813B6F2500008F005C8383 /* ContentView.swift */ = {isa = PBXFileReference; lastKnownFileType = sourcecode.swift; path = ContentView.swift; sourceTree = "<group>"; };
		12813B7125000091005C8383 /* Assets.xcassets */ = {isa = PBXFileReference; lastKnownFileType = folder.assetcatalog; path = Assets.xcassets; sourceTree = "<group>"; };
		12813B7425000091005C8383 /* Preview Assets.xcassets */ = {isa = PBXFileReference; lastKnownFileType = folder.assetcatalog; path = "Preview Assets.xcassets"; sourceTree = "<group>"; };
		12813B7725000091005C8383 /* Base */ = {isa = PBXFileReference; lastKnownFileType = file.storyboard; name = Base; path = Base.lproj/LaunchScreen.storyboard; sourceTree = "<group>"; };
		12813B7925000091005C8383 /* Info.plist */ = {isa = PBXFileReference; lastKnownFileType = text.plist.xml; path = Info.plist; sourceTree = "<group>"; };
		12813B7E25000091005C8383 /* ScheduleTests.xctest */ = {isa = PBXFileReference; explicitFileType = wrapper.cfbundle; includeInIndex = 0; path = ScheduleTests.xctest; sourceTree = BUILT_PRODUCTS_DIR; };
		12813B8225000091005C8383 /* ScheduleTests.swift */ = {isa = PBXFileReference; lastKnownFileType = sourcecode.swift; path = ScheduleTests.swift; sourceTree = "<group>"; };
		12813B8425000091005C8383 /* Info.plist */ = {isa = PBXFileReference; lastKnownFileType = text.plist.xml; path = Info.plist; sourceTree = "<group>"; };
		12813B8925000091005C8383 /* ScheduleUITests.xctest */ = {isa = PBXFileReference; explicitFileType = wrapper.cfbundle; includeInIndex = 0; path = ScheduleUITests.xctest; sourceTree = BUILT_PRODUCTS_DIR; };
		12813B8D25000091005C8383 /* ScheduleUITests.swift */ = {isa = PBXFileReference; lastKnownFileType = sourcecode.swift; path = ScheduleUITests.swift; sourceTree = "<group>"; };
		12813B8F25000091005C8383 /* Info.plist */ = {isa = PBXFileReference; lastKnownFileType = text.plist.xml; path = Info.plist; sourceTree = "<group>"; };
		1283F5AF254286C10002CED6 /* CellAddItemTime.swift */ = {isa = PBXFileReference; lastKnownFileType = sourcecode.swift; path = CellAddItemTime.swift; sourceTree = "<group>"; };
		128D2172253E79CE000C3124 /* Holiday.swift */ = {isa = PBXFileReference; lastKnownFileType = sourcecode.swift; path = Holiday.swift; sourceTree = "<group>"; };
		129BECF2250008C90008905F /* VCRoot.swift */ = {isa = PBXFileReference; lastKnownFileType = sourcecode.swift; path = VCRoot.swift; sourceTree = "<group>"; };
		12A2E17E2519BCE30023B221 /* VwCalendarDay + UITableView.swift */ = {isa = PBXFileReference; lastKnownFileType = sourcecode.swift; path = "VwCalendarDay + UITableView.swift"; sourceTree = "<group>"; };
		12A2E1812519C29E0023B221 /* CellCalendarDay.swift */ = {isa = PBXFileReference; lastKnownFileType = sourcecode.swift; path = CellCalendarDay.swift; sourceTree = "<group>"; };
		12ACC6E62547F1AB00259023 /* CellCanlendarTwoDay.swift */ = {isa = PBXFileReference; lastKnownFileType = sourcecode.swift; path = CellCanlendarTwoDay.swift; sourceTree = "<group>"; };
		12C98F0D2536C4F3008545C5 /* VwMoveToday.swift */ = {isa = PBXFileReference; lastKnownFileType = sourcecode.swift; path = VwMoveToday.swift; sourceTree = "<group>"; };
		19892357FDE08C623DE07D1E /* Pods-Schedule-ScheduleUITests.debug.xcconfig */ = {isa = PBXFileReference; includeInIndex = 1; lastKnownFileType = text.xcconfig; name = "Pods-Schedule-ScheduleUITests.debug.xcconfig"; path = "Target Support Files/Pods-Schedule-ScheduleUITests/Pods-Schedule-ScheduleUITests.debug.xcconfig"; sourceTree = "<group>"; };
		441CC7DCBAB98C43383D024F /* Pods_ScheduleTests.framework */ = {isa = PBXFileReference; explicitFileType = wrapper.framework; includeInIndex = 0; path = Pods_ScheduleTests.framework; sourceTree = BUILT_PRODUCTS_DIR; };
		5865367DEDC46F13CAE91E8B /* Pods_Schedule.framework */ = {isa = PBXFileReference; explicitFileType = wrapper.framework; includeInIndex = 0; path = Pods_Schedule.framework; sourceTree = BUILT_PRODUCTS_DIR; };
		7EFE1C430605223B057751F3 /* Pods_Schedule_ScheduleUITests.framework */ = {isa = PBXFileReference; explicitFileType = wrapper.framework; includeInIndex = 0; path = Pods_Schedule_ScheduleUITests.framework; sourceTree = BUILT_PRODUCTS_DIR; };
		88E26FB3426724027AD91458 /* Pods-Schedule.debug.xcconfig */ = {isa = PBXFileReference; includeInIndex = 1; lastKnownFileType = text.xcconfig; name = "Pods-Schedule.debug.xcconfig"; path = "Target Support Files/Pods-Schedule/Pods-Schedule.debug.xcconfig"; sourceTree = "<group>"; };
		9BF6E688FFAE866D92C6E1BE /* Pods-Schedule-ScheduleUITests.release.xcconfig */ = {isa = PBXFileReference; includeInIndex = 1; lastKnownFileType = text.xcconfig; name = "Pods-Schedule-ScheduleUITests.release.xcconfig"; path = "Target Support Files/Pods-Schedule-ScheduleUITests/Pods-Schedule-ScheduleUITests.release.xcconfig"; sourceTree = "<group>"; };
		BF931A7232863428DEECA868 /* Pods-ScheduleTests.debug.xcconfig */ = {isa = PBXFileReference; includeInIndex = 1; lastKnownFileType = text.xcconfig; name = "Pods-ScheduleTests.debug.xcconfig"; path = "Target Support Files/Pods-ScheduleTests/Pods-ScheduleTests.debug.xcconfig"; sourceTree = "<group>"; };
		CF8E7A1E4EA6734F773EE46A /* Pods-ScheduleTests.release.xcconfig */ = {isa = PBXFileReference; includeInIndex = 1; lastKnownFileType = text.xcconfig; name = "Pods-ScheduleTests.release.xcconfig"; path = "Target Support Files/Pods-ScheduleTests/Pods-ScheduleTests.release.xcconfig"; sourceTree = "<group>"; };
		D0E12346D49BD740D5189B4C /* Pods-Schedule.release.xcconfig */ = {isa = PBXFileReference; includeInIndex = 1; lastKnownFileType = text.xcconfig; name = "Pods-Schedule.release.xcconfig"; path = "Target Support Files/Pods-Schedule/Pods-Schedule.release.xcconfig"; sourceTree = "<group>"; };
/* End PBXFileReference section */

/* Begin PBXFrameworksBuildPhase section */
		12813B652500008F005C8383 /* Frameworks */ = {
			isa = PBXFrameworksBuildPhase;
			buildActionMask = 2147483647;
			files = (
				1271105C2506679E00F797E8 /* HomeKit.framework in Frameworks */,
				BB14D5061DCD39BB6790E005 /* Pods_Schedule.framework in Frameworks */,
			);
			runOnlyForDeploymentPostprocessing = 0;
		};
		12813B7B25000091005C8383 /* Frameworks */ = {
			isa = PBXFrameworksBuildPhase;
			buildActionMask = 2147483647;
			files = (
				9D907618252A30689C6ED675 /* Pods_ScheduleTests.framework in Frameworks */,
			);
			runOnlyForDeploymentPostprocessing = 0;
		};
		12813B8625000091005C8383 /* Frameworks */ = {
			isa = PBXFrameworksBuildPhase;
			buildActionMask = 2147483647;
			files = (
				0A223B9BA4AA5416B1F95BF0 /* Pods_Schedule_ScheduleUITests.framework in Frameworks */,
			);
			runOnlyForDeploymentPostprocessing = 0;
		};
/* End PBXFrameworksBuildPhase section */

/* Begin PBXGroup section */
		01A40BD7ECBA2D2BE1A32379 /* Frameworks */ = {
			isa = PBXGroup;
			children = (
				1271105B2506679E00F797E8 /* HomeKit.framework */,
				5865367DEDC46F13CAE91E8B /* Pods_Schedule.framework */,
				7EFE1C430605223B057751F3 /* Pods_Schedule_ScheduleUITests.framework */,
				441CC7DCBAB98C43383D024F /* Pods_ScheduleTests.framework */,
			);
			name = Frameworks;
			sourceTree = "<group>";
		};
		0631E2808E88288B633B2BAD /* Pods */ = {
			isa = PBXGroup;
			children = (
				88E26FB3426724027AD91458 /* Pods-Schedule.debug.xcconfig */,
				D0E12346D49BD740D5189B4C /* Pods-Schedule.release.xcconfig */,
				19892357FDE08C623DE07D1E /* Pods-Schedule-ScheduleUITests.debug.xcconfig */,
				9BF6E688FFAE866D92C6E1BE /* Pods-Schedule-ScheduleUITests.release.xcconfig */,
				BF931A7232863428DEECA868 /* Pods-ScheduleTests.debug.xcconfig */,
				CF8E7A1E4EA6734F773EE46A /* Pods-ScheduleTests.release.xcconfig */,
			);
			path = Pods;
			sourceTree = "<group>";
		};
		126A106B2548346F004FF217 /* CustomView */ = {
			isa = PBXGroup;
			children = (
				126A106C25483481004FF217 /* VwKeyboardTop.swift */,
				126A107425483F5F004FF217 /* VwDatePicker.swift */,
			);
			path = CustomView;
			sourceTree = "<group>";
		};
		126B0A232503502200355D00 /* Global */ = {
			isa = PBXGroup;
			children = (
				126A106B2548346F004FF217 /* CustomView */,
				126B0A242503502A00355D00 /* Theme.swift */,
				126B0A262503506600355D00 /* Global.swift */,
				127110582506590600F797E8 /* NamesOfNotification.swift */,
				128D2172253E79CE000C3124 /* Holiday.swift */,
			);
			path = Global;
			sourceTree = "<group>";
		};
		126B0A28250350A300355D00 /* Extension */ = {
			isa = PBXGroup;
			children = (
				126B0A29250350AE00355D00 /* UIColor.swift */,
				127043492504D0FE0045375E /* Date.swift */,
				12760B8C250BCD2500CF0A6B /* String.swift */,
				12806B50253294AF000C0F8A /* UILabel.swift */,
				126B05FB2536F9C0002A1DC0 /* UIView.swift */,
				126A1066254831D0004FF217 /* UITableViewCell.swift */,
			);
			path = Extension;
			sourceTree = "<group>";
		};
		126B0A2B2503516600355D00 /* VCRoot */ = {
			isa = PBXGroup;
			children = (
				129BECF2250008C90008905F /* VCRoot.swift */,
			);
			path = VCRoot;
			sourceTree = "<group>";
		};
		126B0A2C2503524600355D00 /* VCCalendar */ = {
			isa = PBXGroup;
			children = (
				12C98F0C2536C4DD008545C5 /* subview */,
				12806B582532957C000C0F8A /* Day */,
				127043462504CA940045375E /* Page */,
				127043432504AD400045375E /* Weekday */,
				126B0A2D2503526400355D00 /* VwCalendar.swift */,
			);
			path = VCCalendar;
			sourceTree = "<group>";
		};
		126B2DBC250B9A0700C69BC6 /* Realm */ = {
			isa = PBXGroup;
			children = (
				126B2DBE250B9BD800C69BC6 /* Item.swift */,
			);
			path = Realm;
			sourceTree = "<group>";
		};
		126B2DBD250B9A0E00C69BC6 /* VCAddItem */ = {
			isa = PBXGroup;
			children = (
				12705CCF2546C2FB002B53EA /* DatePicker */,
				126B2DC4250BA72F00C69BC6 /* Cell */,
				126B2DC0250BA24800C69BC6 /* VCAddItem.swift */,
				126B2DC2250BA2F600C69BC6 /* VCAddItem + UITableView.swift */,
			);
			path = VCAddItem;
			sourceTree = "<group>";
		};
		126B2DC4250BA72F00C69BC6 /* Cell */ = {
			isa = PBXGroup;
			children = (
				126B2DC5250BA75800C69BC6 /* CellAddItemTitle.swift */,
				126B05F62536F29C002A1DC0 /* CellAddItemDelete.swift */,
				1283F5AF254286C10002CED6 /* CellAddItemTime.swift */,
				127F2AD62542A980003535C4 /* CellAddItemSelectTime.swift */,
			);
			path = Cell;
			sourceTree = "<group>";
		};
		127043432504AD400045375E /* Weekday */ = {
			isa = PBXGroup;
			children = (
				127043412504A8760045375E /* VwCalendarWeekday.swift */,
				127043442504AD560045375E /* VwCalendarWeekdayCell.swift */,
			);
			path = Weekday;
			sourceTree = "<group>";
		};
		127043462504CA940045375E /* Page */ = {
			isa = PBXGroup;
			children = (
				12A2E1802519C28E0023B221 /* Cell */,
				127043472504CAA50045375E /* VwCalendarDay.swift */,
				12A2E17E2519BCE30023B221 /* VwCalendarDay + UITableView.swift */,
				1270434B2504DB530045375E /* VCCalendarMonth.swift */,
				126F007325060BFB00C9FA3A /* VCCalendarMonthPage.swift */,
			);
			path = Page;
			sourceTree = "<group>";
		};
		12705CCF2546C2FB002B53EA /* DatePicker */ = {
			isa = PBXGroup;
			children = (
				12705CD02546C315002B53EA /* VwDateSelectDatePicker.swift */,
			);
			path = DatePicker;
			sourceTree = "<group>";
		};
		12760B83250BCB0E00CF0A6B /* LocalizedString */ = {
			isa = PBXGroup;
			children = (
				12760B8A250BCBC700CF0A6B /* Localizable.strings */,
			);
			path = LocalizedString;
			sourceTree = "<group>";
		};
		12806B582532957C000C0F8A /* Day */ = {
			isa = PBXGroup;
			children = (
				12806B6925329BE2000C0F8A /* Cell */,
				12806B59253295B5000C0F8A /* VCCalendarDayDetail.swift */,
				12806B6425329B5C000C0F8A /* VCCalendarDayDetail + UITableView.swift */,
				1276ADA6253D816600F8D559 /* VCCalendarDayDetailPage.swift */,
			);
			path = Day;
			sourceTree = "<group>";
		};
		12806B6925329BE2000C0F8A /* Cell */ = {
			isa = PBXGroup;
			children = (
				12806B6A25329BF0000C0F8A /* CellCalendarDayDetail.swift */,
			);
			path = Cell;
			sourceTree = "<group>";
		};
		12813B5F2500008F005C8383 = {
			isa = PBXGroup;
			children = (
				12813B6A2500008F005C8383 /* Schedule */,
				12813B8125000091005C8383 /* ScheduleTests */,
				12813B8C25000091005C8383 /* ScheduleUITests */,
				12813B692500008F005C8383 /* Products */,
				0631E2808E88288B633B2BAD /* Pods */,
				01A40BD7ECBA2D2BE1A32379 /* Frameworks */,
			);
			sourceTree = "<group>";
		};
		12813B692500008F005C8383 /* Products */ = {
			isa = PBXGroup;
			children = (
				12813B682500008F005C8383 /* Schedule.app */,
				12813B7E25000091005C8383 /* ScheduleTests.xctest */,
				12813B8925000091005C8383 /* ScheduleUITests.xctest */,
			);
			name = Products;
			sourceTree = "<group>";
		};
		12813B6A2500008F005C8383 /* Schedule */ = {
			isa = PBXGroup;
			children = (
				1271105A2506679E00F797E8 /* Schedule.entitlements */,
				129BECF1250008970008905F /* Code */,
				12813B6B2500008F005C8383 /* AppDelegate.swift */,
				12813B6D2500008F005C8383 /* SceneDelegate.swift */,
				12813B6F2500008F005C8383 /* ContentView.swift */,
				12813B7125000091005C8383 /* Assets.xcassets */,
				12813B7625000091005C8383 /* LaunchScreen.storyboard */,
				12813B7925000091005C8383 /* Info.plist */,
				12813B7325000091005C8383 /* Preview Content */,
			);
			path = Schedule;
			sourceTree = "<group>";
		};
		12813B7325000091005C8383 /* Preview Content */ = {
			isa = PBXGroup;
			children = (
				12813B7425000091005C8383 /* Preview Assets.xcassets */,
			);
			path = "Preview Content";
			sourceTree = "<group>";
		};
		12813B8125000091005C8383 /* ScheduleTests */ = {
			isa = PBXGroup;
			children = (
				12813B8225000091005C8383 /* ScheduleTests.swift */,
				12813B8425000091005C8383 /* Info.plist */,
			);
			path = ScheduleTests;
			sourceTree = "<group>";
		};
		12813B8C25000091005C8383 /* ScheduleUITests */ = {
			isa = PBXGroup;
			children = (
				12813B8D25000091005C8383 /* ScheduleUITests.swift */,
				12813B8F25000091005C8383 /* Info.plist */,
			);
			path = ScheduleUITests;
			sourceTree = "<group>";
		};
		129BECF1250008970008905F /* Code */ = {
			isa = PBXGroup;
			children = (
				12760B83250BCB0E00CF0A6B /* LocalizedString */,
				126B2DBD250B9A0E00C69BC6 /* VCAddItem */,
				126B2DBC250B9A0700C69BC6 /* Realm */,
				126B0A2C2503524600355D00 /* VCCalendar */,
				126B0A2B2503516600355D00 /* VCRoot */,
				126B0A28250350A300355D00 /* Extension */,
				126B0A232503502200355D00 /* Global */,
			);
			path = Code;
			sourceTree = "<group>";
		};
		12A2E1802519C28E0023B221 /* Cell */ = {
			isa = PBXGroup;
			children = (
				12A2E1812519C29E0023B221 /* CellCalendarDay.swift */,
				126D825F253172AF000BFC32 /* CellCalendarDayCount.swift */,
				12ACC6E62547F1AB00259023 /* CellCanlendarTwoDay.swift */,
			);
			path = Cell;
			sourceTree = "<group>";
		};
		12C98F0C2536C4DD008545C5 /* subview */ = {
			isa = PBXGroup;
			children = (
				12C98F0D2536C4F3008545C5 /* VwMoveToday.swift */,
				127BD39825416F8100C678A3 /* VwAddEventButton.swift */,
			);
			path = subview;
			sourceTree = "<group>";
		};
/* End PBXGroup section */

/* Begin PBXNativeTarget section */
		12813B672500008F005C8383 /* Schedule */ = {
			isa = PBXNativeTarget;
			buildConfigurationList = 12813B9225000091005C8383 /* Build configuration list for PBXNativeTarget "Schedule" */;
			buildPhases = (
				76BB2BA111E47A0B0AAE1FC1 /* [CP] Check Pods Manifest.lock */,
				12813B642500008F005C8383 /* Sources */,
				12813B652500008F005C8383 /* Frameworks */,
				12813B662500008F005C8383 /* Resources */,
				63B2EC7C072A76E1BC0BC422 /* [CP] Embed Pods Frameworks */,
			);
			buildRules = (
			);
			dependencies = (
			);
			name = Schedule;
			productName = Schedule;
			productReference = 12813B682500008F005C8383 /* Schedule.app */;
			productType = "com.apple.product-type.application";
		};
		12813B7D25000091005C8383 /* ScheduleTests */ = {
			isa = PBXNativeTarget;
			buildConfigurationList = 12813B9525000091005C8383 /* Build configuration list for PBXNativeTarget "ScheduleTests" */;
			buildPhases = (
				07F0DF54B5CCFE5E8916FB05 /* [CP] Check Pods Manifest.lock */,
				12813B7A25000091005C8383 /* Sources */,
				12813B7B25000091005C8383 /* Frameworks */,
				12813B7C25000091005C8383 /* Resources */,
			);
			buildRules = (
			);
			dependencies = (
				12813B8025000091005C8383 /* PBXTargetDependency */,
			);
			name = ScheduleTests;
			productName = ScheduleTests;
			productReference = 12813B7E25000091005C8383 /* ScheduleTests.xctest */;
			productType = "com.apple.product-type.bundle.unit-test";
		};
		12813B8825000091005C8383 /* ScheduleUITests */ = {
			isa = PBXNativeTarget;
			buildConfigurationList = 12813B9825000091005C8383 /* Build configuration list for PBXNativeTarget "ScheduleUITests" */;
			buildPhases = (
				6249EBBB8017F285D8B410EA /* [CP] Check Pods Manifest.lock */,
				12813B8525000091005C8383 /* Sources */,
				12813B8625000091005C8383 /* Frameworks */,
				12813B8725000091005C8383 /* Resources */,
				DF82B7C396BD9B3167144B67 /* [CP] Embed Pods Frameworks */,
			);
			buildRules = (
			);
			dependencies = (
				12813B8B25000091005C8383 /* PBXTargetDependency */,
			);
			name = ScheduleUITests;
			productName = ScheduleUITests;
			productReference = 12813B8925000091005C8383 /* ScheduleUITests.xctest */;
			productType = "com.apple.product-type.bundle.ui-testing";
		};
/* End PBXNativeTarget section */

/* Begin PBXProject section */
		12813B602500008F005C8383 /* Project object */ = {
			isa = PBXProject;
			attributes = {
				LastSwiftUpdateCheck = 1160;
				LastUpgradeCheck = 1160;
				ORGANIZATIONNAME = Asu;
				TargetAttributes = {
					12813B672500008F005C8383 = {
						CreatedOnToolsVersion = 11.6;
					};
					12813B7D25000091005C8383 = {
						CreatedOnToolsVersion = 11.6;
						TestTargetID = 12813B672500008F005C8383;
					};
					12813B8825000091005C8383 = {
						CreatedOnToolsVersion = 11.6;
						TestTargetID = 12813B672500008F005C8383;
					};
				};
			};
			buildConfigurationList = 12813B632500008F005C8383 /* Build configuration list for PBXProject "Schedule" */;
			compatibilityVersion = "Xcode 9.3";
			developmentRegion = en;
			hasScannedForEncodings = 0;
			knownRegions = (
				en,
				Base,
				ko,
			);
			mainGroup = 12813B5F2500008F005C8383;
			productRefGroup = 12813B692500008F005C8383 /* Products */;
			projectDirPath = "";
			projectRoot = "";
			targets = (
				12813B672500008F005C8383 /* Schedule */,
				12813B7D25000091005C8383 /* ScheduleTests */,
				12813B8825000091005C8383 /* ScheduleUITests */,
			);
		};
/* End PBXProject section */

/* Begin PBXResourcesBuildPhase section */
		12813B662500008F005C8383 /* Resources */ = {
			isa = PBXResourcesBuildPhase;
			buildActionMask = 2147483647;
			files = (
				12760B88250BCBC700CF0A6B /* Localizable.strings in Resources */,
				12813B7825000091005C8383 /* LaunchScreen.storyboard in Resources */,
				12813B7525000091005C8383 /* Preview Assets.xcassets in Resources */,
				12813B7225000091005C8383 /* Assets.xcassets in Resources */,
			);
			runOnlyForDeploymentPostprocessing = 0;
		};
		12813B7C25000091005C8383 /* Resources */ = {
			isa = PBXResourcesBuildPhase;
			buildActionMask = 2147483647;
			files = (
			);
			runOnlyForDeploymentPostprocessing = 0;
		};
		12813B8725000091005C8383 /* Resources */ = {
			isa = PBXResourcesBuildPhase;
			buildActionMask = 2147483647;
			files = (
			);
			runOnlyForDeploymentPostprocessing = 0;
		};
/* End PBXResourcesBuildPhase section */

/* Begin PBXShellScriptBuildPhase section */
		07F0DF54B5CCFE5E8916FB05 /* [CP] Check Pods Manifest.lock */ = {
			isa = PBXShellScriptBuildPhase;
			buildActionMask = 2147483647;
			files = (
			);
			inputFileListPaths = (
			);
			inputPaths = (
				"${PODS_PODFILE_DIR_PATH}/Podfile.lock",
				"${PODS_ROOT}/Manifest.lock",
			);
			name = "[CP] Check Pods Manifest.lock";
			outputFileListPaths = (
			);
			outputPaths = (
				"$(DERIVED_FILE_DIR)/Pods-ScheduleTests-checkManifestLockResult.txt",
			);
			runOnlyForDeploymentPostprocessing = 0;
			shellPath = /bin/sh;
			shellScript = "diff \"${PODS_PODFILE_DIR_PATH}/Podfile.lock\" \"${PODS_ROOT}/Manifest.lock\" > /dev/null\nif [ $? != 0 ] ; then\n    # print error to STDERR\n    echo \"error: The sandbox is not in sync with the Podfile.lock. Run 'pod install' or update your CocoaPods installation.\" >&2\n    exit 1\nfi\n# This output is used by Xcode 'outputs' to avoid re-running this script phase.\necho \"SUCCESS\" > \"${SCRIPT_OUTPUT_FILE_0}\"\n";
			showEnvVarsInLog = 0;
		};
		6249EBBB8017F285D8B410EA /* [CP] Check Pods Manifest.lock */ = {
			isa = PBXShellScriptBuildPhase;
			buildActionMask = 2147483647;
			files = (
			);
			inputFileListPaths = (
			);
			inputPaths = (
				"${PODS_PODFILE_DIR_PATH}/Podfile.lock",
				"${PODS_ROOT}/Manifest.lock",
			);
			name = "[CP] Check Pods Manifest.lock";
			outputFileListPaths = (
			);
			outputPaths = (
				"$(DERIVED_FILE_DIR)/Pods-Schedule-ScheduleUITests-checkManifestLockResult.txt",
			);
			runOnlyForDeploymentPostprocessing = 0;
			shellPath = /bin/sh;
			shellScript = "diff \"${PODS_PODFILE_DIR_PATH}/Podfile.lock\" \"${PODS_ROOT}/Manifest.lock\" > /dev/null\nif [ $? != 0 ] ; then\n    # print error to STDERR\n    echo \"error: The sandbox is not in sync with the Podfile.lock. Run 'pod install' or update your CocoaPods installation.\" >&2\n    exit 1\nfi\n# This output is used by Xcode 'outputs' to avoid re-running this script phase.\necho \"SUCCESS\" > \"${SCRIPT_OUTPUT_FILE_0}\"\n";
			showEnvVarsInLog = 0;
		};
		63B2EC7C072A76E1BC0BC422 /* [CP] Embed Pods Frameworks */ = {
			isa = PBXShellScriptBuildPhase;
			buildActionMask = 2147483647;
			files = (
			);
			inputFileListPaths = (
				"${PODS_ROOT}/Target Support Files/Pods-Schedule/Pods-Schedule-frameworks-${CONFIGURATION}-input-files.xcfilelist",
			);
			name = "[CP] Embed Pods Frameworks";
			outputFileListPaths = (
				"${PODS_ROOT}/Target Support Files/Pods-Schedule/Pods-Schedule-frameworks-${CONFIGURATION}-output-files.xcfilelist",
			);
			runOnlyForDeploymentPostprocessing = 0;
			shellPath = /bin/sh;
			shellScript = "\"${PODS_ROOT}/Target Support Files/Pods-Schedule/Pods-Schedule-frameworks.sh\"\n";
			showEnvVarsInLog = 0;
		};
		76BB2BA111E47A0B0AAE1FC1 /* [CP] Check Pods Manifest.lock */ = {
			isa = PBXShellScriptBuildPhase;
			buildActionMask = 2147483647;
			files = (
			);
			inputFileListPaths = (
			);
			inputPaths = (
				"${PODS_PODFILE_DIR_PATH}/Podfile.lock",
				"${PODS_ROOT}/Manifest.lock",
			);
			name = "[CP] Check Pods Manifest.lock";
			outputFileListPaths = (
			);
			outputPaths = (
				"$(DERIVED_FILE_DIR)/Pods-Schedule-checkManifestLockResult.txt",
			);
			runOnlyForDeploymentPostprocessing = 0;
			shellPath = /bin/sh;
			shellScript = "diff \"${PODS_PODFILE_DIR_PATH}/Podfile.lock\" \"${PODS_ROOT}/Manifest.lock\" > /dev/null\nif [ $? != 0 ] ; then\n    # print error to STDERR\n    echo \"error: The sandbox is not in sync with the Podfile.lock. Run 'pod install' or update your CocoaPods installation.\" >&2\n    exit 1\nfi\n# This output is used by Xcode 'outputs' to avoid re-running this script phase.\necho \"SUCCESS\" > \"${SCRIPT_OUTPUT_FILE_0}\"\n";
			showEnvVarsInLog = 0;
		};
		DF82B7C396BD9B3167144B67 /* [CP] Embed Pods Frameworks */ = {
			isa = PBXShellScriptBuildPhase;
			buildActionMask = 2147483647;
			files = (
			);
			inputFileListPaths = (
				"${PODS_ROOT}/Target Support Files/Pods-Schedule-ScheduleUITests/Pods-Schedule-ScheduleUITests-frameworks-${CONFIGURATION}-input-files.xcfilelist",
			);
			name = "[CP] Embed Pods Frameworks";
			outputFileListPaths = (
				"${PODS_ROOT}/Target Support Files/Pods-Schedule-ScheduleUITests/Pods-Schedule-ScheduleUITests-frameworks-${CONFIGURATION}-output-files.xcfilelist",
			);
			runOnlyForDeploymentPostprocessing = 0;
			shellPath = /bin/sh;
			shellScript = "\"${PODS_ROOT}/Target Support Files/Pods-Schedule-ScheduleUITests/Pods-Schedule-ScheduleUITests-frameworks.sh\"\n";
			showEnvVarsInLog = 0;
		};
/* End PBXShellScriptBuildPhase section */

/* Begin PBXSourcesBuildPhase section */
		12813B642500008F005C8383 /* Sources */ = {
			isa = PBXSourcesBuildPhase;
			buildActionMask = 2147483647;
			files = (
				127043452504AD560045375E /* VwCalendarWeekdayCell.swift in Sources */,
				129BECF3250008C90008905F /* VCRoot.swift in Sources */,
				126B0A2A250350AE00355D00 /* UIColor.swift in Sources */,
				126B2DC3250BA2F600C69BC6 /* VCAddItem + UITableView.swift in Sources */,
				12813B6C2500008F005C8383 /* AppDelegate.swift in Sources */,
				126A1067254831D0004FF217 /* UITableViewCell.swift in Sources */,
				126A107525483F5F004FF217 /* VwDatePicker.swift in Sources */,
				12806B51253294AF000C0F8A /* UILabel.swift in Sources */,
				126A106D25483481004FF217 /* VwKeyboardTop.swift in Sources */,
				12A2E1822519C29E0023B221 /* CellCalendarDay.swift in Sources */,
				126D8260253172AF000BFC32 /* CellCalendarDayCount.swift in Sources */,
				127110592506590600F797E8 /* NamesOfNotification.swift in Sources */,
				1276ADA7253D816600F8D559 /* VCCalendarDayDetailPage.swift in Sources */,
				126B0A272503506600355D00 /* Global.swift in Sources */,
				126B0A252503502A00355D00 /* Theme.swift in Sources */,
				127043422504A8760045375E /* VwCalendarWeekday.swift in Sources */,
				127043482504CAA50045375E /* VwCalendarDay.swift in Sources */,
				1283F5B0254286C10002CED6 /* CellAddItemTime.swift in Sources */,
				12806B6B25329BF0000C0F8A /* CellCalendarDayDetail.swift in Sources */,
				12813B6E2500008F005C8383 /* SceneDelegate.swift in Sources */,
				12806B5A253295B5000C0F8A /* VCCalendarDayDetail.swift in Sources */,
				126B05FC2536F9C0002A1DC0 /* UIView.swift in Sources */,
				126B2DBF250B9BD800C69BC6 /* Item.swift in Sources */,
				128D2173253E79CE000C3124 /* Holiday.swift in Sources */,
				1270434C2504DB530045375E /* VCCalendarMonth.swift in Sources */,
				12705CD12546C315002B53EA /* VwDateSelectDatePicker.swift in Sources */,
				126B0A2E2503526400355D00 /* VwCalendar.swift in Sources */,
				12A2E17F2519BCE30023B221 /* VwCalendarDay + UITableView.swift in Sources */,
				126B2DC6250BA75800C69BC6 /* CellAddItemTitle.swift in Sources */,
				126F007425060BFB00C9FA3A /* VCCalendarMonthPage.swift in Sources */,
				127F2AD72542A980003535C4 /* CellAddItemSelectTime.swift in Sources */,
				126B2DC1250BA24800C69BC6 /* VCAddItem.swift in Sources */,
				12806B6525329B5C000C0F8A /* VCCalendarDayDetail + UITableView.swift in Sources */,
				12C98F0E2536C4F3008545C5 /* VwMoveToday.swift in Sources */,
				127BD39925416F8100C678A3 /* VwAddEventButton.swift in Sources */,
				12760B8D250BCD2500CF0A6B /* String.swift in Sources */,
				126B05F72536F29C002A1DC0 /* CellAddItemDelete.swift in Sources */,
				1270434A2504D0FE0045375E /* Date.swift in Sources */,
				12ACC6E72547F1AB00259023 /* CellCanlendarTwoDay.swift in Sources */,
				12813B702500008F005C8383 /* ContentView.swift in Sources */,
			);
			runOnlyForDeploymentPostprocessing = 0;
		};
		12813B7A25000091005C8383 /* Sources */ = {
			isa = PBXSourcesBuildPhase;
			buildActionMask = 2147483647;
			files = (
				12813B8325000091005C8383 /* ScheduleTests.swift in Sources */,
			);
			runOnlyForDeploymentPostprocessing = 0;
		};
		12813B8525000091005C8383 /* Sources */ = {
			isa = PBXSourcesBuildPhase;
			buildActionMask = 2147483647;
			files = (
				12813B8E25000091005C8383 /* ScheduleUITests.swift in Sources */,
			);
			runOnlyForDeploymentPostprocessing = 0;
		};
/* End PBXSourcesBuildPhase section */

/* Begin PBXTargetDependency section */
		12813B8025000091005C8383 /* PBXTargetDependency */ = {
			isa = PBXTargetDependency;
			target = 12813B672500008F005C8383 /* Schedule */;
			targetProxy = 12813B7F25000091005C8383 /* PBXContainerItemProxy */;
		};
		12813B8B25000091005C8383 /* PBXTargetDependency */ = {
			isa = PBXTargetDependency;
			target = 12813B672500008F005C8383 /* Schedule */;
			targetProxy = 12813B8A25000091005C8383 /* PBXContainerItemProxy */;
		};
/* End PBXTargetDependency section */

/* Begin PBXVariantGroup section */
		12760B8A250BCBC700CF0A6B /* Localizable.strings */ = {
			isa = PBXVariantGroup;
			children = (
				12760B89250BCBC700CF0A6B /* en */,
				12760B8B250BCBC900CF0A6B /* ko */,
			);
			name = Localizable.strings;
			sourceTree = "<group>";
			usesTabs = 0;
		};
		12813B7625000091005C8383 /* LaunchScreen.storyboard */ = {
			isa = PBXVariantGroup;
			children = (
				12813B7725000091005C8383 /* Base */,
				12760B82250BCA4800CF0A6B /* ko */,
			);
			name = LaunchScreen.storyboard;
			sourceTree = "<group>";
		};
/* End PBXVariantGroup section */

/* Begin XCBuildConfiguration section */
		12813B9025000091005C8383 /* Debug */ = {
			isa = XCBuildConfiguration;
			buildSettings = {
				ALWAYS_SEARCH_USER_PATHS = NO;
				CLANG_ANALYZER_LOCALIZABILITY_NONLOCALIZED = YES;
				CLANG_ANALYZER_NONNULL = YES;
				CLANG_ANALYZER_NUMBER_OBJECT_CONVERSION = YES_AGGRESSIVE;
				CLANG_CXX_LANGUAGE_STANDARD = "gnu++14";
				CLANG_CXX_LIBRARY = "libc++";
				CLANG_ENABLE_MODULES = YES;
				CLANG_ENABLE_OBJC_ARC = YES;
				CLANG_ENABLE_OBJC_WEAK = YES;
				CLANG_WARN_BLOCK_CAPTURE_AUTORELEASING = YES;
				CLANG_WARN_BOOL_CONVERSION = YES;
				CLANG_WARN_COMMA = YES;
				CLANG_WARN_CONSTANT_CONVERSION = YES;
				CLANG_WARN_DEPRECATED_OBJC_IMPLEMENTATIONS = YES;
				CLANG_WARN_DIRECT_OBJC_ISA_USAGE = YES_ERROR;
				CLANG_WARN_DOCUMENTATION_COMMENTS = YES;
				CLANG_WARN_EMPTY_BODY = YES;
				CLANG_WARN_ENUM_CONVERSION = YES;
				CLANG_WARN_INFINITE_RECURSION = YES;
				CLANG_WARN_INT_CONVERSION = YES;
				CLANG_WARN_NON_LITERAL_NULL_CONVERSION = YES;
				CLANG_WARN_OBJC_IMPLICIT_RETAIN_SELF = YES;
				CLANG_WARN_OBJC_LITERAL_CONVERSION = YES;
				CLANG_WARN_OBJC_ROOT_CLASS = YES_ERROR;
				CLANG_WARN_RANGE_LOOP_ANALYSIS = YES;
				CLANG_WARN_STRICT_PROTOTYPES = YES;
				CLANG_WARN_SUSPICIOUS_MOVE = YES;
				CLANG_WARN_UNGUARDED_AVAILABILITY = YES_AGGRESSIVE;
				CLANG_WARN_UNREACHABLE_CODE = YES;
				CLANG_WARN__DUPLICATE_METHOD_MATCH = YES;
				COPY_PHASE_STRIP = NO;
				DEBUG_INFORMATION_FORMAT = dwarf;
				ENABLE_STRICT_OBJC_MSGSEND = YES;
				ENABLE_TESTABILITY = YES;
				GCC_C_LANGUAGE_STANDARD = gnu11;
				GCC_DYNAMIC_NO_PIC = NO;
				GCC_NO_COMMON_BLOCKS = YES;
				GCC_OPTIMIZATION_LEVEL = 0;
				GCC_PREPROCESSOR_DEFINITIONS = (
					"DEBUG=1",
					"$(inherited)",
				);
				GCC_WARN_64_TO_32_BIT_CONVERSION = YES;
				GCC_WARN_ABOUT_RETURN_TYPE = YES_ERROR;
				GCC_WARN_UNDECLARED_SELECTOR = YES;
				GCC_WARN_UNINITIALIZED_AUTOS = YES_AGGRESSIVE;
				GCC_WARN_UNUSED_FUNCTION = YES;
				GCC_WARN_UNUSED_VARIABLE = YES;
				IPHONEOS_DEPLOYMENT_TARGET = 14.0;
				MTL_ENABLE_DEBUG_INFO = INCLUDE_SOURCE;
				MTL_FAST_MATH = YES;
				ONLY_ACTIVE_ARCH = YES;
				SDKROOT = iphoneos;
				SWIFT_ACTIVE_COMPILATION_CONDITIONS = DEBUG;
				SWIFT_OPTIMIZATION_LEVEL = "-Onone";
			};
			name = Debug;
		};
		12813B9125000091005C8383 /* Release */ = {
			isa = XCBuildConfiguration;
			buildSettings = {
				ALWAYS_SEARCH_USER_PATHS = NO;
				CLANG_ANALYZER_LOCALIZABILITY_NONLOCALIZED = YES;
				CLANG_ANALYZER_NONNULL = YES;
				CLANG_ANALYZER_NUMBER_OBJECT_CONVERSION = YES_AGGRESSIVE;
				CLANG_CXX_LANGUAGE_STANDARD = "gnu++14";
				CLANG_CXX_LIBRARY = "libc++";
				CLANG_ENABLE_MODULES = YES;
				CLANG_ENABLE_OBJC_ARC = YES;
				CLANG_ENABLE_OBJC_WEAK = YES;
				CLANG_WARN_BLOCK_CAPTURE_AUTORELEASING = YES;
				CLANG_WARN_BOOL_CONVERSION = YES;
				CLANG_WARN_COMMA = YES;
				CLANG_WARN_CONSTANT_CONVERSION = YES;
				CLANG_WARN_DEPRECATED_OBJC_IMPLEMENTATIONS = YES;
				CLANG_WARN_DIRECT_OBJC_ISA_USAGE = YES_ERROR;
				CLANG_WARN_DOCUMENTATION_COMMENTS = YES;
				CLANG_WARN_EMPTY_BODY = YES;
				CLANG_WARN_ENUM_CONVERSION = YES;
				CLANG_WARN_INFINITE_RECURSION = YES;
				CLANG_WARN_INT_CONVERSION = YES;
				CLANG_WARN_NON_LITERAL_NULL_CONVERSION = YES;
				CLANG_WARN_OBJC_IMPLICIT_RETAIN_SELF = YES;
				CLANG_WARN_OBJC_LITERAL_CONVERSION = YES;
				CLANG_WARN_OBJC_ROOT_CLASS = YES_ERROR;
				CLANG_WARN_RANGE_LOOP_ANALYSIS = YES;
				CLANG_WARN_STRICT_PROTOTYPES = YES;
				CLANG_WARN_SUSPICIOUS_MOVE = YES;
				CLANG_WARN_UNGUARDED_AVAILABILITY = YES_AGGRESSIVE;
				CLANG_WARN_UNREACHABLE_CODE = YES;
				CLANG_WARN__DUPLICATE_METHOD_MATCH = YES;
				COPY_PHASE_STRIP = NO;
				DEBUG_INFORMATION_FORMAT = "dwarf-with-dsym";
				ENABLE_NS_ASSERTIONS = NO;
				ENABLE_STRICT_OBJC_MSGSEND = YES;
				GCC_C_LANGUAGE_STANDARD = gnu11;
				GCC_NO_COMMON_BLOCKS = YES;
				GCC_WARN_64_TO_32_BIT_CONVERSION = YES;
				GCC_WARN_ABOUT_RETURN_TYPE = YES_ERROR;
				GCC_WARN_UNDECLARED_SELECTOR = YES;
				GCC_WARN_UNINITIALIZED_AUTOS = YES_AGGRESSIVE;
				GCC_WARN_UNUSED_FUNCTION = YES;
				GCC_WARN_UNUSED_VARIABLE = YES;
				IPHONEOS_DEPLOYMENT_TARGET = 14.0;
				MTL_ENABLE_DEBUG_INFO = NO;
				MTL_FAST_MATH = YES;
				SDKROOT = iphoneos;
				SWIFT_COMPILATION_MODE = wholemodule;
				SWIFT_OPTIMIZATION_LEVEL = "-O";
				VALIDATE_PRODUCT = YES;
			};
			name = Release;
		};
		12813B9325000091005C8383 /* Debug */ = {
			isa = XCBuildConfiguration;
			baseConfigurationReference = 88E26FB3426724027AD91458 /* Pods-Schedule.debug.xcconfig */;
			buildSettings = {
				ASSETCATALOG_COMPILER_APPICON_NAME = AppIcon;
				CODE_SIGN_ENTITLEMENTS = Schedule/Schedule.entitlements;
				CODE_SIGN_STYLE = Automatic;
				DEVELOPMENT_ASSET_PATHS = "\"Schedule/Preview Content\"";
				DEVELOPMENT_TEAM = 2R2YYN4YZ8;
				ENABLE_PREVIEWS = YES;
				INFOPLIST_FILE = Schedule/Info.plist;
				LD_RUNPATH_SEARCH_PATHS = (
					"$(inherited)",
					"@executable_path/Frameworks",
				);
				PRODUCT_BUNDLE_IDENTIFIER = com.asuproject.testproject.Schedule;
				PRODUCT_NAME = "$(TARGET_NAME)";
				SWIFT_VERSION = 5.0;
				TARGETED_DEVICE_FAMILY = "1,2";
			};
			name = Debug;
		};
		12813B9425000091005C8383 /* Release */ = {
			isa = XCBuildConfiguration;
			baseConfigurationReference = D0E12346D49BD740D5189B4C /* Pods-Schedule.release.xcconfig */;
			buildSettings = {
				ASSETCATALOG_COMPILER_APPICON_NAME = AppIcon;
				CODE_SIGN_ENTITLEMENTS = Schedule/Schedule.entitlements;
				CODE_SIGN_STYLE = Automatic;
				DEVELOPMENT_ASSET_PATHS = "\"Schedule/Preview Content\"";
				DEVELOPMENT_TEAM = 2R2YYN4YZ8;
				ENABLE_PREVIEWS = YES;
				INFOPLIST_FILE = Schedule/Info.plist;
				LD_RUNPATH_SEARCH_PATHS = (
					"$(inherited)",
					"@executable_path/Frameworks",
				);
				PRODUCT_BUNDLE_IDENTIFIER = com.asuproject.testproject.Schedule;
				PRODUCT_NAME = "$(TARGET_NAME)";
				SWIFT_VERSION = 5.0;
				TARGETED_DEVICE_FAMILY = "1,2";
			};
			name = Release;
		};
		12813B9625000091005C8383 /* Debug */ = {
			isa = XCBuildConfiguration;
			baseConfigurationReference = BF931A7232863428DEECA868 /* Pods-ScheduleTests.debug.xcconfig */;
			buildSettings = {
				ALWAYS_EMBED_SWIFT_STANDARD_LIBRARIES = YES;
				BUNDLE_LOADER = "$(TEST_HOST)";
				CODE_SIGN_STYLE = Automatic;
				DEVELOPMENT_TEAM = 2R2YYN4YZ8;
				INFOPLIST_FILE = ScheduleTests/Info.plist;
				IPHONEOS_DEPLOYMENT_TARGET = 13.6;
				LD_RUNPATH_SEARCH_PATHS = (
					"$(inherited)",
					"@executable_path/Frameworks",
					"@loader_path/Frameworks",
				);
				PRODUCT_BUNDLE_IDENTIFIER = com.asuproject.testproject.ScheduleTests;
				PRODUCT_NAME = "$(TARGET_NAME)";
				SWIFT_VERSION = 5.0;
				TARGETED_DEVICE_FAMILY = "1,2";
				TEST_HOST = "$(BUILT_PRODUCTS_DIR)/Schedule.app/Schedule";
			};
			name = Debug;
		};
		12813B9725000091005C8383 /* Release */ = {
			isa = XCBuildConfiguration;
			baseConfigurationReference = CF8E7A1E4EA6734F773EE46A /* Pods-ScheduleTests.release.xcconfig */;
			buildSettings = {
				ALWAYS_EMBED_SWIFT_STANDARD_LIBRARIES = YES;
				BUNDLE_LOADER = "$(TEST_HOST)";
				CODE_SIGN_STYLE = Automatic;
				DEVELOPMENT_TEAM = 2R2YYN4YZ8;
				INFOPLIST_FILE = ScheduleTests/Info.plist;
				IPHONEOS_DEPLOYMENT_TARGET = 13.6;
				LD_RUNPATH_SEARCH_PATHS = (
					"$(inherited)",
					"@executable_path/Frameworks",
					"@loader_path/Frameworks",
				);
				PRODUCT_BUNDLE_IDENTIFIER = com.asuproject.testproject.ScheduleTests;
				PRODUCT_NAME = "$(TARGET_NAME)";
				SWIFT_VERSION = 5.0;
				TARGETED_DEVICE_FAMILY = "1,2";
				TEST_HOST = "$(BUILT_PRODUCTS_DIR)/Schedule.app/Schedule";
			};
			name = Release;
		};
		12813B9925000091005C8383 /* Debug */ = {
			isa = XCBuildConfiguration;
			baseConfigurationReference = 19892357FDE08C623DE07D1E /* Pods-Schedule-ScheduleUITests.debug.xcconfig */;
			buildSettings = {
				ALWAYS_EMBED_SWIFT_STANDARD_LIBRARIES = YES;
				CODE_SIGN_STYLE = Automatic;
				DEVELOPMENT_TEAM = 2R2YYN4YZ8;
				INFOPLIST_FILE = ScheduleUITests/Info.plist;
				LD_RUNPATH_SEARCH_PATHS = (
					"$(inherited)",
					"@executable_path/Frameworks",
					"@loader_path/Frameworks",
				);
				PRODUCT_BUNDLE_IDENTIFIER = com.asuproject.testproject.ScheduleUITests;
				PRODUCT_NAME = "$(TARGET_NAME)";
				SWIFT_VERSION = 5.0;
				TARGETED_DEVICE_FAMILY = "1,2";
				TEST_TARGET_NAME = Schedule;
			};
			name = Debug;
		};
		12813B9A25000091005C8383 /* Release */ = {
			isa = XCBuildConfiguration;
			baseConfigurationReference = 9BF6E688FFAE866D92C6E1BE /* Pods-Schedule-ScheduleUITests.release.xcconfig */;
			buildSettings = {
				ALWAYS_EMBED_SWIFT_STANDARD_LIBRARIES = YES;
				CODE_SIGN_STYLE = Automatic;
				DEVELOPMENT_TEAM = 2R2YYN4YZ8;
				INFOPLIST_FILE = ScheduleUITests/Info.plist;
				LD_RUNPATH_SEARCH_PATHS = (
					"$(inherited)",
					"@executable_path/Frameworks",
					"@loader_path/Frameworks",
				);
				PRODUCT_BUNDLE_IDENTIFIER = com.asuproject.testproject.ScheduleUITests;
				PRODUCT_NAME = "$(TARGET_NAME)";
				SWIFT_VERSION = 5.0;
				TARGETED_DEVICE_FAMILY = "1,2";
				TEST_TARGET_NAME = Schedule;
			};
			name = Release;
		};
/* End XCBuildConfiguration section */

/* Begin XCConfigurationList section */
		12813B632500008F005C8383 /* Build configuration list for PBXProject "Schedule" */ = {
			isa = XCConfigurationList;
			buildConfigurations = (
				12813B9025000091005C8383 /* Debug */,
				12813B9125000091005C8383 /* Release */,
			);
			defaultConfigurationIsVisible = 0;
			defaultConfigurationName = Release;
		};
		12813B9225000091005C8383 /* Build configuration list for PBXNativeTarget "Schedule" */ = {
			isa = XCConfigurationList;
			buildConfigurations = (
				12813B9325000091005C8383 /* Debug */,
				12813B9425000091005C8383 /* Release */,
			);
			defaultConfigurationIsVisible = 0;
			defaultConfigurationName = Release;
		};
		12813B9525000091005C8383 /* Build configuration list for PBXNativeTarget "ScheduleTests" */ = {
			isa = XCConfigurationList;
			buildConfigurations = (
				12813B9625000091005C8383 /* Debug */,
				12813B9725000091005C8383 /* Release */,
			);
			defaultConfigurationIsVisible = 0;
			defaultConfigurationName = Release;
		};
		12813B9825000091005C8383 /* Build configuration list for PBXNativeTarget "ScheduleUITests" */ = {
			isa = XCConfigurationList;
			buildConfigurations = (
				12813B9925000091005C8383 /* Debug */,
				12813B9A25000091005C8383 /* Release */,
			);
			defaultConfigurationIsVisible = 0;
			defaultConfigurationName = Release;
		};
/* End XCConfigurationList section */
	};
	rootObject = 12813B602500008F005C8383 /* Project object */;
}
